
Microsoft Visual Studio Solution File, Format Version 12.00
# Visual Studio Version 17
VisualStudioVersion = 17.0.32014.148
MinimumVisualStudioVersion = 10.0.40219.1
Project("{FAE04EC0-301F-11D3-BF4B-00C04F79EFBC}") = "Priari.MatchMakingServer", "GrpcMatchMakingServer\Priari.MatchMakingServer.csproj", "{38547906-9E84-40D2-BDDB-65C884BCE932}"
EndProject
Project("{9A19103F-16F7-4668-BE54-9A1E7A4F7556}") = "Priari.ServerShared", "..\GrpcServer\Priari.ServerShared\Priari.ServerShared.csproj", "{6D26514C-02B8-4648-ACD9-1FD38569382B}"
EndProject
Global
	GlobalSection(SolutionConfigurationPlatforms) = preSolution
		Debug|Any CPU = Debug|Any CPU
		Release|Any CPU = Release|Any CPU
	EndGlobalSection
	GlobalSection(ProjectConfigurationPlatforms) = postSolution
		{38547906-9E84-40D2-BDDB-65C884BCE932}.Debug|Any CPU.ActiveCfg = Debug|Any CPU
		{38547906-9E84-40D2-BDDB-65C884BCE932}.Debug|Any CPU.Build.0 = Debug|Any CPU
		{38547906-9E84-40D2-BDDB-65C884BCE932}.Release|Any CPU.ActiveCfg = Release|Any CPU
		{38547906-9E84-40D2-BDDB-65C884BCE932}.Release|Any CPU.Build.0 = Release|Any CPU
		{6D26514C-02B8-4648-ACD9-1FD38569382B}.Debug|Any CPU.ActiveCfg = Debug|Any CPU
		{6D26514C-02B8-4648-ACD9-1FD38569382B}.Debug|Any CPU.Build.0 = Debug|Any CPU
		{6D26514C-02B8-4648-ACD9-1FD38569382B}.Release|Any CPU.ActiveCfg = Release|Any CPU
		{6D26514C-02B8-4648-ACD9-1FD38569382B}.Release|Any CPU.Build.0 = Release|Any CPU
	EndGlobalSection
	GlobalSection(SolutionProperties) = preSolution
		HideSolutionNode = FALSE
	EndGlobalSection
	GlobalSection(ExtensibilityGlobals) = postSolution
		SolutionGuid = {52FFF792-4AE3-459F-9187-AD2E8FB72518}
	EndGlobalSection
EndGlobal
